// !$*UTF8*$!
{
	archiveVersion = 1;
	classes = {
	};
	objectVersion = 77;
	objects = {

/* Begin PBXContainerItemProxy section */
		9FFF0FFE2D57A8770073E3CA /* PBXContainerItemProxy */ = {
			isa = PBXContainerItemProxy;
			containerPortal = 9FFF0FE52D57A8750073E3CA /* Project object */;
			proxyType = 1;
			remoteGlobalIDString = 9FFF0FEC2D57A8750073E3CA;
			remoteInfo = "Reminder Roast";
		};
		9FFF10082D57A8770073E3CA /* PBXContainerItemProxy */ = {
			isa = PBXContainerItemProxy;
			containerPortal = 9FFF0FE52D57A8750073E3CA /* Project object */;
			proxyType = 1;
			remoteGlobalIDString = 9FFF0FEC2D57A8750073E3CA;
			remoteInfo = "Reminder Roast";
		};
/* End PBXContainerItemProxy section */

/* Begin PBXFileReference section */
		9FFF0FED2D57A8750073E3CA /* Reminder Roast.app */ = {isa = PBXFileReference; explicitFileType = wrapper.application; includeInIndex = 0; path = "Reminder Roast.app"; sourceTree = BUILT_PRODUCTS_DIR; };
		9FFF0FFD2D57A8770073E3CA /* Reminder RoastTests.xctest */ = {isa = PBXFileReference; explicitFileType = wrapper.cfbundle; includeInIndex = 0; path = "Reminder RoastTests.xctest"; sourceTree = BUILT_PRODUCTS_DIR; };
		9FFF10072D57A8770073E3CA /* Reminder RoastUITests.xctest */ = {isa = PBXFileReference; explicitFileType = wrapper.cfbundle; includeInIndex = 0; path = "Reminder RoastUITests.xctest"; sourceTree = BUILT_PRODUCTS_DIR; };
/* End PBXFileReference section */

/* Begin PBXFileSystemSynchronizedRootGroup section */
		9FFF0FEF2D57A8750073E3CA /* Reminder Roast */ = {
			isa = PBXFileSystemSynchronizedRootGroup;
			path = "Reminder Roast";
			sourceTree = "<group>";
		};
		9FFF10002D57A8770073E3CA /* Reminder RoastTests */ = {
			isa = PBXFileSystemSynchronizedRootGroup;
			path = "Reminder RoastTests";
			sourceTree = "<group>";
		};
		9FFF100A2D57A8770073E3CA /* Reminder RoastUITests */ = {
			isa = PBXFileSystemSynchronizedRootGroup;
			path = "Reminder RoastUITests";
			sourceTree = "<group>";
		};
/* End PBXFileSystemSynchronizedRootGroup section */

/* Begin PBXFrameworksBuildPhase section */
		9FFF0FEA2D57A8750073E3CA /* Frameworks */ = {
			isa = PBXFrameworksBuildPhase;
			buildActionMask = 2147483647;
			files = (
			);
			runOnlyForDeploymentPostprocessing = 0;
		};
		9FFF0FFA2D57A8770073E3CA /* Frameworks */ = {
			isa = PBXFrameworksBuildPhase;
			buildActionMask = 2147483647;
			files = (
			);
			runOnlyForDeploymentPostprocessing = 0;
		};
		9FFF10042D57A8770073E3CA /* Frameworks */ = {
			isa = PBXFrameworksBuildPhase;
			buildActionMask = 2147483647;
			files = (
			);
			runOnlyForDeploymentPostprocessing = 0;
		};
/* End PBXFrameworksBuildPhase section */

/* Begin PBXGroup section */
		9FFF0FE42D57A8750073E3CA = {
			isa = PBXGroup;
			children = (
				9FFF0FEF2D57A8750073E3CA /* Reminder Roast */,
				9FFF10002D57A8770073E3CA /* Reminder RoastTests */,
				9FFF100A2D57A8770073E3CA /* Reminder RoastUITests */,
				9FFF0FEE2D57A8750073E3CA /* Products */,
			);
			sourceTree = "<group>";
		};
		9FFF0FEE2D57A8750073E3CA /* Products */ = {
			isa = PBXGroup;
			children = (
				9FFF0FED2D57A8750073E3CA /* Reminder Roast.app */,
				9FFF0FFD2D57A8770073E3CA /* Reminder RoastTests.xctest */,
				9FFF10072D57A8770073E3CA /* Reminder RoastUITests.xctest */,
			);
			name = Products;
			sourceTree = "<group>";
		};
/* End PBXGroup section */

/* Begin PBXNativeTarget section */
		9FFF0FEC2D57A8750073E3CA /* Reminder Roast */ = {
			isa = PBXNativeTarget;
			buildConfigurationList = 9FFF10112D57A8770073E3CA /* Build configuration list for PBXNativeTarget "Reminder Roast" */;
			buildPhases = (
				9FFF0FE92D57A8750073E3CA /* Sources */,
				9FFF0FEA2D57A8750073E3CA /* Frameworks */,
				9FFF0FEB2D57A8750073E3CA /* Resources */,
			);
			buildRules = (
			);
			dependencies = (
			);
			fileSystemSynchronizedGroups = (
				9FFF0FEF2D57A8750073E3CA /* Reminder Roast */,
			);
			name = "Reminder Roast";
			packageProductDependencies = (
			);
			productName = "Reminder Roast";
			productReference = 9FFF0FED2D57A8750073E3CA /* Reminder Roast.app */;
			productType = "com.apple.product-type.application";
		};
		9FFF0FFC2D57A8770073E3CA /* Reminder RoastTests */ = {
			isa = PBXNativeTarget;
			buildConfigurationList = 9FFF10142D57A8770073E3CA /* Build configuration list for PBXNativeTarget "Reminder RoastTests" */;
			buildPhases = (
				9FFF0FF92D57A8770073E3CA /* Sources */,
				9FFF0FFA2D57A8770073E3CA /* Frameworks */,
				9FFF0FFB2D57A8770073E3CA /* Resources */,
			);
			buildRules = (
			);
			dependencies = (
				9FFF0FFF2D57A8770073E3CA /* PBXTargetDependency */,
			);
			fileSystemSynchronizedGroups = (
				9FFF10002D57A8770073E3CA /* Reminder RoastTests */,
			);
			name = "Reminder RoastTests";
			packageProductDependencies = (
			);
			productName = "Reminder RoastTests";
			productReference = 9FFF0FFD2D57A8770073E3CA /* Reminder RoastTests.xctest */;
			productType = "com.apple.product-type.bundle.unit-test";
		};
		9FFF10062D57A8770073E3CA /* Reminder RoastUITests */ = {
			isa = PBXNativeTarget;
			buildConfigurationList = 9FFF10172D57A8770073E3CA /* Build configuration list for PBXNativeTarget "Reminder RoastUITests" */;
			buildPhases = (
				9FFF10032D57A8770073E3CA /* Sources */,
				9FFF10042D57A8770073E3CA /* Frameworks */,
				9FFF10052D57A8770073E3CA /* Resources */,
			);
			buildRules = (
			);
			dependencies = (
				9FFF10092D57A8770073E3CA /* PBXTargetDependency */,
			);
			fileSystemSynchronizedGroups = (
				9FFF100A2D57A8770073E3CA /* Reminder RoastUITests */,
			);
			name = "Reminder RoastUITests";
			packageProductDependencies = (
			);
			productName = "Reminder RoastUITests";
			productReference = 9FFF10072D57A8770073E3CA /* Reminder RoastUITests.xctest */;
			productType = "com.apple.product-type.bundle.ui-testing";
		};
/* End PBXNativeTarget section */

/* Begin PBXProject section */
		9FFF0FE52D57A8750073E3CA /* Project object */ = {
			isa = PBXProject;
			attributes = {
				BuildIndependentTargetsInParallel = 1;
				LastSwiftUpdateCheck = 1620;
				LastUpgradeCheck = 1620;
				TargetAttributes = {
					9FFF0FEC2D57A8750073E3CA = {
						CreatedOnToolsVersion = 16.2;
					};
					9FFF0FFC2D57A8770073E3CA = {
						CreatedOnToolsVersion = 16.2;
						TestTargetID = 9FFF0FEC2D57A8750073E3CA;
					};
					9FFF10062D57A8770073E3CA = {
						CreatedOnToolsVersion = 16.2;
						TestTargetID = 9FFF0FEC2D57A8750073E3CA;
					};
				};
			};
			buildConfigurationList = 9FFF0FE82D57A8750073E3CA /* Build configuration list for PBXProject "Reminder Roast" */;
			developmentRegion = en;
			hasScannedForEncodings = 0;
			knownRegions = (
				en,
				Base,
			);
			mainGroup = 9FFF0FE42D57A8750073E3CA;
			minimizedProjectReferenceProxies = 1;
			preferredProjectObjectVersion = 77;
			productRefGroup = 9FFF0FEE2D57A8750073E3CA /* Products */;
			projectDirPath = "";
			projectRoot = "";
			targets = (
				9FFF0FEC2D57A8750073E3CA /* Reminder Roast */,
				9FFF0FFC2D57A8770073E3CA /* Reminder RoastTests */,
				9FFF10062D57A8770073E3CA /* Reminder RoastUITests */,
			);
		};
/* End PBXProject section */

/* Begin PBXResourcesBuildPhase section */
		9FFF0FEB2D57A8750073E3CA /* Resources */ = {
			isa = PBXResourcesBuildPhase;
			buildActionMask = 2147483647;
			files = (
			);
			runOnlyForDeploymentPostprocessing = 0;
		};
		9FFF0FFB2D57A8770073E3CA /* Resources */ = {
			isa = PBXResourcesBuildPhase;
			buildActionMask = 2147483647;
			files = (
			);
			runOnlyForDeploymentPostprocessing = 0;
		};
		9FFF10052D57A8770073E3CA /* Resources */ = {
			isa = PBXResourcesBuildPhase;
			buildActionMask = 2147483647;
			files = (
			);
			runOnlyForDeploymentPostprocessing = 0;
		};
/* End PBXResourcesBuildPhase section */

/* Begin PBXSourcesBuildPhase section */
		9FFF0FE92D57A8750073E3CA /* Sources */ = {
			isa = PBXSourcesBuildPhase;
			buildActionMask = 2147483647;
			files = (
			);
			runOnlyForDeploymentPostprocessing = 0;
		};
		9FFF0FF92D57A8770073E3CA /* Sources */ = {
			isa = PBXSourcesBuildPhase;
			buildActionMask = 2147483647;
			files = (
			);
			runOnlyForDeploymentPostprocessing = 0;
		};
		9FFF10032D57A8770073E3CA /* Sources */ = {
			isa = PBXSourcesBuildPhase;
			buildActionMask = 2147483647;
			files = (
			);
			runOnlyForDeploymentPostprocessing = 0;
		};
/* End PBXSourcesBuildPhase section */

/* Begin PBXTargetDependency section */
		9FFF0FFF2D57A8770073E3CA /* PBXTargetDependency */ = {
			isa = PBXTargetDependency;
			target = 9FFF0FEC2D57A8750073E3CA /* Reminder Roast */;
			targetProxy = 9FFF0FFE2D57A8770073E3CA /* PBXContainerItemProxy */;
		};
		9FFF10092D57A8770073E3CA /* PBXTargetDependency */ = {
			isa = PBXTargetDependency;
			target = 9FFF0FEC2D57A8750073E3CA /* Reminder Roast */;
			targetProxy = 9FFF10082D57A8770073E3CA /* PBXContainerItemProxy */;
		};
/* End PBXTargetDependency section */

/* Begin XCBuildConfiguration section */
		9FFF100F2D57A8770073E3CA /* Debug */ = {
			isa = XCBuildConfiguration;
			buildSettings = {
				ALWAYS_SEARCH_USER_PATHS = NO;
				ASSETCATALOG_COMPILER_GENERATE_SWIFT_ASSET_SYMBOL_EXTENSIONS = YES;
				CLANG_ANALYZER_NONNULL = YES;
				CLANG_ANALYZER_NUMBER_OBJECT_CONVERSION = YES_AGGRESSIVE;
				CLANG_CXX_LANGUAGE_STANDARD = "gnu++20";
				CLANG_ENABLE_MODULES = YES;
				CLANG_ENABLE_OBJC_ARC = YES;
				CLANG_ENABLE_OBJC_WEAK = YES;
				CLANG_WARN_BLOCK_CAPTURE_AUTORELEASING = YES;
				CLANG_WARN_BOOL_CONVERSION = YES;
				CLANG_WARN_COMMA = YES;
				CLANG_WARN_CONSTANT_CONVERSION = YES;
				CLANG_WARN_DEPRECATED_OBJC_IMPLEMENTATIONS = YES;
				CLANG_WARN_DIRECT_OBJC_ISA_USAGE = YES_ERROR;
				CLANG_WARN_DOCUMENTATION_COMMENTS = YES;
				CLANG_WARN_EMPTY_BODY = YES;
				CLANG_WARN_ENUM_CONVERSION = YES;
				CLANG_WARN_INFINITE_RECURSION = YES;
				CLANG_WARN_INT_CONVERSION = YES;
				CLANG_WARN_NON_LITERAL_NULL_CONVERSION = YES;
				CLANG_WARN_OBJC_IMPLICIT_RETAIN_SELF = YES;
				CLANG_WARN_OBJC_LITERAL_CONVERSION = YES;
				CLANG_WARN_OBJC_ROOT_CLASS = YES_ERROR;
				CLANG_WARN_QUOTED_INCLUDE_IN_FRAMEWORK_HEADER = YES;
				CLANG_WARN_RANGE_LOOP_ANALYSIS = YES;
				CLANG_WARN_STRICT_PROTOTYPES = YES;
				CLANG_WARN_SUSPICIOUS_MOVE = YES;
				CLANG_WARN_UNGUARDED_AVAILABILITY = YES_AGGRESSIVE;
				CLANG_WARN_UNREACHABLE_CODE = YES;
				CLANG_WARN__DUPLICATE_METHOD_MATCH = YES;
				COPY_PHASE_STRIP = NO;
				DEBUG_INFORMATION_FORMAT = dwarf;
				ENABLE_STRICT_OBJC_MSGSEND = YES;
				ENABLE_TESTABILITY = YES;
				ENABLE_USER_SCRIPT_SANDBOXING = YES;
				GCC_C_LANGUAGE_STANDARD = gnu17;
				GCC_DYNAMIC_NO_PIC = NO;
				GCC_NO_COMMON_BLOCKS = YES;
				GCC_OPTIMIZATION_LEVEL = 0;
				GCC_PREPROCESSOR_DEFINITIONS = (
					"DEBUG=1",
					"$(inherited)",
				);
				GCC_WARN_64_TO_32_BIT_CONVERSION = YES;
				GCC_WARN_ABOUT_RETURN_TYPE = YES_ERROR;
				GCC_WARN_UNDECLARED_SELECTOR = YES;
				GCC_WARN_UNINITIALIZED_AUTOS = YES_AGGRESSIVE;
				GCC_WARN_UNUSED_FUNCTION = YES;
				GCC_WARN_UNUSED_VARIABLE = YES;
				IPHONEOS_DEPLOYMENT_TARGET = 18.2;
				LOCALIZATION_PREFERS_STRING_CATALOGS = YES;
				MTL_ENABLE_DEBUG_INFO = INCLUDE_SOURCE;
				MTL_FAST_MATH = YES;
				ONLY_ACTIVE_ARCH = YES;
				SDKROOT = iphoneos;
				SWIFT_ACTIVE_COMPILATION_CONDITIONS = "DEBUG $(inherited)";
				SWIFT_OPTIMIZATION_LEVEL = "-Onone";
			};
			name = Debug;
		};
		9FFF10102D57A8770073E3CA /* Release */ = {
			isa = XCBuildConfiguration;
			buildSettings = {
				ALWAYS_SEARCH_USER_PATHS = NO;
				ASSETCATALOG_COMPILER_GENERATE_SWIFT_ASSET_SYMBOL_EXTENSIONS = YES;
				CLANG_ANALYZER_NONNULL = YES;
				CLANG_ANALYZER_NUMBER_OBJECT_CONVERSION = YES_AGGRESSIVE;
				CLANG_CXX_LANGUAGE_STANDARD = "gnu++20";
				CLANG_ENABLE_MODULES = YES;
				CLANG_ENABLE_OBJC_ARC = YES;
				CLANG_ENABLE_OBJC_WEAK = YES;
				CLANG_WARN_BLOCK_CAPTURE_AUTORELEASING = YES;
				CLANG_WARN_BOOL_CONVERSION = YES;
				CLANG_WARN_COMMA = YES;
				CLANG_WARN_CONSTANT_CONVERSION = YES;
				CLANG_WARN_DEPRECATED_OBJC_IMPLEMENTATIONS = YES;
				CLANG_WARN_DIRECT_OBJC_ISA_USAGE = YES_ERROR;
				CLANG_WARN_DOCUMENTATION_COMMENTS = YES;
				CLANG_WARN_EMPTY_BODY = YES;
				CLANG_WARN_ENUM_CONVERSION = YES;
				CLANG_WARN_INFINITE_RECURSION = YES;
				CLANG_WARN_INT_CONVERSION = YES;
				CLANG_WARN_NON_LITERAL_NULL_CONVERSION = YES;
				CLANG_WARN_OBJC_IMPLICIT_RETAIN_SELF = YES;
				CLANG_WARN_OBJC_LITERAL_CONVERSION = YES;
				CLANG_WARN_OBJC_ROOT_CLASS = YES_ERROR;
				CLANG_WARN_QUOTED_INCLUDE_IN_FRAMEWORK_HEADER = YES;
				CLANG_WARN_RANGE_LOOP_ANALYSIS = YES;
				CLANG_WARN_STRICT_PROTOTYPES = YES;
				CLANG_WARN_SUSPICIOUS_MOVE = YES;
				CLANG_WARN_UNGUARDED_AVAILABILITY = YES_AGGRESSIVE;
				CLANG_WARN_UNREACHABLE_CODE = YES;
				CLANG_WARN__DUPLICATE_METHOD_MATCH = YES;
				COPY_PHASE_STRIP = NO;
				DEBUG_INFORMATION_FORMAT = "dwarf-with-dsym";
				ENABLE_NS_ASSERTIONS = NO;
				ENABLE_STRICT_OBJC_MSGSEND = YES;
				ENABLE_USER_SCRIPT_SANDBOXING = YES;
				GCC_C_LANGUAGE_STANDARD = gnu17;
				GCC_NO_COMMON_BLOCKS = YES;
				GCC_WARN_64_TO_32_BIT_CONVERSION = YES;
				GCC_WARN_ABOUT_RETURN_TYPE = YES_ERROR;
				GCC_WARN_UNDECLARED_SELECTOR = YES;
				GCC_WARN_UNINITIALIZED_AUTOS = YES_AGGRESSIVE;
				GCC_WARN_UNUSED_FUNCTION = YES;
				GCC_WARN_UNUSED_VARIABLE = YES;
				IPHONEOS_DEPLOYMENT_TARGET = 18.2;
				LOCALIZATION_PREFERS_STRING_CATALOGS = YES;
				MTL_ENABLE_DEBUG_INFO = NO;
				MTL_FAST_MATH = YES;
				SDKROOT = iphoneos;
				SWIFT_COMPILATION_MODE = wholemodule;
				VALIDATE_PRODUCT = YES;
			};
			name = Release;
		};
		9FFF10122D57A8770073E3CA /* Debug */ = {
			isa = XCBuildConfiguration;
			buildSettings = {
				ASSETCATALOG_COMPILER_APPICON_NAME = AppIcon;
				ASSETCATALOG_COMPILER_GLOBAL_ACCENT_COLOR_NAME = AccentColor;
				ASSETCATALOG_COMPILER_INCLUDE_ALL_APPICON_ASSETS = NO;
				CODE_SIGN_IDENTITY = "Apple Development";
				CODE_SIGN_STYLE = Automatic;
				CURRENT_PROJECT_VERSION = 1;
				DEVELOPMENT_ASSET_PATHS = "\"Reminder Roast/Preview Content\"";
				DEVELOPMENT_TEAM = X63K7AJ3GU;
				ENABLE_PREVIEWS = YES;
				GENERATE_INFOPLIST_FILE = YES;
				INFOPLIST_KEY_CFBundleDisplayName = "Remind Ai";
				INFOPLIST_KEY_UIApplicationSceneManifest_Generation = YES;
				INFOPLIST_KEY_UIApplicationSupportsIndirectInputEvents = YES;
				INFOPLIST_KEY_UILaunchScreen_Generation = YES;
				INFOPLIST_KEY_UISupportedInterfaceOrientations = UIInterfaceOrientationPortrait;
				INFOPLIST_KEY_UISupportedInterfaceOrientations_iPad = "UIInterfaceOrientationLandscapeLeft UIInterfaceOrientationLandscapeRight UIInterfaceOrientationPortrait UIInterfaceOrientationPortraitUpsideDown";
				LD_RUNPATH_SEARCH_PATHS = (
					"$(inherited)",
					"@executable_path/Frameworks",
				);
				MARKETING_VERSION = 1.0;
				PRODUCT_BUNDLE_IDENTIFIER = "Dane.Reminder-Roast";
				PRODUCT_NAME = "$(TARGET_NAME)";
				PROVISIONING_PROFILE_SPECIFIER = "";
				SWIFT_EMIT_LOC_STRINGS = YES;
				SWIFT_VERSION = 5.0;
				TARGETED_DEVICE_FAMILY = "1,2";
			};
			name = Debug;
		};
		9FFF10132D57A8770073E3CA /* Release */ = {
			isa = XCBuildConfiguration;
			buildSettings = {
				ASSETCATALOG_COMPILER_APPICON_NAME = AppIcon;
				ASSETCATALOG_COMPILER_GLOBAL_ACCENT_COLOR_NAME = AccentColor;
				ASSETCATALOG_COMPILER_INCLUDE_ALL_APPICON_ASSETS = NO;
				CODE_SIGN_IDENTITY = "Apple Development";
				CODE_SIGN_STYLE = Automatic;
				CURRENT_PROJECT_VERSION = 1;
				DEVELOPMENT_ASSET_PATHS = "\"Reminder Roast/Preview Content\"";
				DEVELOPMENT_TEAM = X63K7AJ3GU;
				ENABLE_PREVIEWS = YES;
				GENERATE_INFOPLIST_FILE = YES;
				INFOPLIST_KEY_CFBundleDisplayName = "Remind Ai";
				INFOPLIST_KEY_UIApplicationSceneManifest_Generation = YES;
				INFOPLIST_KEY_UIApplicationSupportsIndirectInputEvents = YES;
				INFOPLIST_KEY_UILaunchScreen_Generation = YES;
				INFOPLIST_KEY_UISupportedInterfaceOrientations = UIInterfaceOrientationPortrait;
				INFOPLIST_KEY_UISupportedInterfaceOrientations_iPad = "UIInterfaceOrientationLandscapeLeft UIInterfaceOrientationLandscapeRight UIInterfaceOrientationPortrait UIInterfaceOrientationPortraitUpsideDown";
				LD_RUNPATH_SEARCH_PATHS = (
					"$(inherited)",
					"@executable_path/Frameworks",
				);
				MARKETING_VERSION = 1.0;
				PRODUCT_BUNDLE_IDENTIFIER = "Dane.Reminder-Roast";
				PRODUCT_NAME = "$(TARGET_NAME)";
				PROVISIONING_PROFILE_SPECIFIER = "";
				SWIFT_EMIT_LOC_STRINGS = YES;
				SWIFT_VERSION = 5.0;
				TARGETED_DEVICE_FAMILY = "1,2";
			};
			name = Release;
		};
		9FFF10152D57A8770073E3CA /* Debug */ = {
			isa = XCBuildConfiguration;
			buildSettings = {
				BUNDLE_LOADER = "$(TEST_HOST)";
				CODE_SIGN_STYLE = Automatic;
				CURRENT_PROJECT_VERSION = 1;
				GENERATE_INFOPLIST_FILE = YES;
				IPHONEOS_DEPLOYMENT_TARGET = 18.2;
				MARKETING_VERSION = 1.0;
				PRODUCT_BUNDLE_IDENTIFIER = "Dane.Reminder-RoastTests";
				PRODUCT_NAME = "$(TARGET_NAME)";
				SWIFT_EMIT_LOC_STRINGS = NO;
				SWIFT_VERSION = 5.0;
				TARGETED_DEVICE_FAMILY = "1,2";
				TEST_HOST = "$(BUILT_PRODUCTS_DIR)/Reminder Roast.app/$(BUNDLE_EXECUTABLE_FOLDER_PATH)/Reminder Roast";
			};
			name = Debug;
		};
		9FFF10162D57A8770073E3CA /* Release */ = {
			isa = XCBuildConfiguration;
			buildSettings = {
				BUNDLE_LOADER = "$(TEST_HOST)";
				CODE_SIGN_STYLE = Automatic;
				CURRENT_PROJECT_VERSION = 1;
				GENERATE_INFOPLIST_FILE = YES;
				IPHONEOS_DEPLOYMENT_TARGET = 18.2;
				MARKETING_VERSION = 1.0;
				PRODUCT_BUNDLE_IDENTIFIER = "Dane.Reminder-RoastTests";
				PRODUCT_NAME = "$(TARGET_NAME)";
				SWIFT_EMIT_LOC_STRINGS = NO;
				SWIFT_VERSION = 5.0;
				TARGETED_DEVICE_FAMILY = "1,2";
				TEST_HOST = "$(BUILT_PRODUCTS_DIR)/Reminder Roast.app/$(BUNDLE_EXECUTABLE_FOLDER_PATH)/Reminder Roast";
			};
			name = Release;
		};
		9FFF10182D57A8770073E3CA /* Debug */ = {
			isa = XCBuildConfiguration;
			buildSettings = {
				CODE_SIGN_STYLE = Automatic;
				CURRENT_PROJECT_VERSION = 1;
				GENERATE_INFOPLIST_FILE = YES;
				MARKETING_VERSION = 1.0;
				PRODUCT_BUNDLE_IDENTIFIER = "Dane.Reminder-RoastUITests";
				PRODUCT_NAME = "$(TARGET_NAME)";
				SWIFT_EMIT_LOC_STRINGS = NO;
				SWIFT_VERSION = 5.0;
				TARGETED_DEVICE_FAMILY = "1,2";
				TEST_TARGET_NAME = "Reminder Roast";
			};
			name = Debug;
		};
		9FFF10192D57A8770073E3CA /* Release */ = {
			isa = XCBuildConfiguration;
			buildSettings = {
				CODE_SIGN_STYLE = Automatic;
				CURRENT_PROJECT_VERSION = 1;
				GENERATE_INFOPLIST_FILE = YES;
				MARKETING_VERSION = 1.0;
				PRODUCT_BUNDLE_IDENTIFIER = "Dane.Reminder-RoastUITests";
				PRODUCT_NAME = "$(TARGET_NAME)";
				SWIFT_EMIT_LOC_STRINGS = NO;
				SWIFT_VERSION = 5.0;
				TARGETED_DEVICE_FAMILY = "1,2";
				TEST_TARGET_NAME = "Reminder Roast";
			};
			name = Release;
		};
/* End XCBuildConfiguration section */

/* Begin XCConfigurationList section */
		9FFF0FE82D57A8750073E3CA /* Build configuration list for PBXProject "Reminder Roast" */ = {
			isa = XCConfigurationList;
			buildConfigurations = (
				9FFF100F2D57A8770073E3CA /* Debug */,
				9FFF10102D57A8770073E3CA /* Release */,
			);
			defaultConfigurationIsVisible = 0;
			defaultConfigurationName = Release;
		};
		9FFF10112D57A8770073E3CA /* Build configuration list for PBXNativeTarget "Reminder Roast" */ = {
			isa = XCConfigurationList;
			buildConfigurations = (
				9FFF10122D57A8770073E3CA /* Debug */,
				9FFF10132D57A8770073E3CA /* Release */,
			);
			defaultConfigurationIsVisible = 0;
			defaultConfigurationName = Release;
		};
		9FFF10142D57A8770073E3CA /* Build configuration list for PBXNativeTarget "Reminder RoastTests" */ = {
			isa = XCConfigurationList;
			buildConfigurations = (
				9FFF10152D57A8770073E3CA /* Debug */,
				9FFF10162D57A8770073E3CA /* Release */,
			);
			defaultConfigurationIsVisible = 0;
			defaultConfigurationName = Release;
		};
		9FFF10172D57A8770073E3CA /* Build configuration list for PBXNativeTarget "Reminder RoastUITests" */ = {
			isa = XCConfigurationList;
			buildConfigurations = (
				9FFF10182D57A8770073E3CA /* Debug */,
				9FFF10192D57A8770073E3CA /* Release */,
			);
			defaultConfigurationIsVisible = 0;
			defaultConfigurationName = Release;
		};
/* End XCConfigurationList section */
	};
	rootObject = 9FFF0FE52D57A8750073E3CA /* Project object */;
}
